
Microsoft Visual Studio Solution File, Format Version 12.00
# Visual Studio Version 16
VisualStudioVersion = 16.0.29215.179
MinimumVisualStudioVersion = 10.0.40219.1
Project("{FAE04EC0-301F-11D3-BF4B-00C04F79EFBC}") = "AFR Monitor", "AFR_Monitor\AFR Monitor.csproj", "{3C465599-7287-41EA-BF1E-562B337D35FD}"
EndProject
Project("{54435603-DBB4-11D2-8724-00A0C9A8B90C}") = "Install AFRMonitor", "Install AFRMonitor\Install AFRMonitor.vdproj", "{74CBF60D-1AF6-4B75-92AC-BD77B498AED0}"
EndProject
Global
	GlobalSection(SolutionConfigurationPlatforms) = preSolution
		Debug|Any CPU = Debug|Any CPU
		Release|Any CPU = Release|Any CPU
	EndGlobalSection
	GlobalSection(ProjectConfigurationPlatforms) = postSolution
		{3C465599-7287-41EA-BF1E-562B337D35FD}.Debug|Any CPU.ActiveCfg = Debug|Any CPU
		{3C465599-7287-41EA-BF1E-562B337D35FD}.Debug|Any CPU.Build.0 = Debug|Any CPU
		{3C465599-7287-41EA-BF1E-562B337D35FD}.Release|Any CPU.ActiveCfg = Release|Any CPU
		{3C465599-7287-41EA-BF1E-562B337D35FD}.Release|Any CPU.Build.0 = Release|Any CPU
		{74CBF60D-1AF6-4B75-92AC-BD77B498AED0}.Debug|Any CPU.ActiveCfg = Debug
		{74CBF60D-1AF6-4B75-92AC-BD77B498AED0}.Release|Any CPU.ActiveCfg = Release
	EndGlobalSection
	GlobalSection(SolutionProperties) = preSolution
		HideSolutionNode = FALSE
	EndGlobalSection
	GlobalSection(ExtensibilityGlobals) = postSolution
		SolutionGuid = {BFC7A169-18CB-45C0-96C2-36835F1B208C}
	EndGlobalSection
EndGlobal
